{
  "name": "farsi-smart-assistant",
  "version": "4.6.0",
  "lockfileVersion": 3,
  "requires": true,
  "packages": {
    "": {
      "name": "farsi-smart-assistant",
      "version": "4.6.0",
      "devDependencies": {
        "dictionary-en": "4.0.0",
        "dictionary-fa": "2.0.0"
      }
    },
    "node_modules/dictionary-en": {
      "version": "4.0.0",
      "resolved": "https://registry.npmjs.org/dictionary-en/-/dictionary-en-4.0.0.tgz",
      "integrity": "sha512-3NHnE1uq33ZE/CIwaZ6gqxa4BnglHnxeAcTM0GJ7cmtRGcvX9InMK/IqLtYcUMFCUpUNgybH+DzkqdgAo3F1zg==",
      "dev": true,
      "license": "(MIT AND BSD)",
      "funding": {
        "type": "github",
        "url": "https://github.com/sponsors/wooorm"
      }
    },
    "node_modules/dictionary-fa": {
      "version": "2.0.0",
      "resolved": "https://registry.npmjs.org/dictionary-fa/-/dictionary-fa-2.0.0.tgz",
      "integrity": "sha512-FEvC923119V9sJ5MKbXOssauLTHJ4zxwUhFLGaC1sETJASWF01Xcank24achQtm1f2eDzZgyWphzbjy3M5u2Lw==",
      "dev": true,
      "license": "Apache-2.0",
      "funding": {
        "type": "github",
        "url": "https://github.com/sponsors/wooorm"
      }
    }
  }
}
